
Microsoft Visual Studio Solution File, Format Version 12.00
# Visual Studio Version 17
VisualStudioVersion = 17.14.37301.10
MinimumVisualStudioVersion = 10.0.40219.1
Project("{2150E333-8FDC-42A3-9474-1A3956D46DE8}") = "src", "src", "{827E0CD3-B72D-47B6-A68D-7590B98EB39B}"
EndProject
Project("{FAE04EC0-301F-11D3-BF4B-00C04F79EFBC}") = "Smartie.Domain", "src\Smartie.Domain\Smartie.Domain.csproj", "{22C49B43-DE6F-46BA-9963-2EB7F344ADC4}"
EndProject
Project("{FAE04EC0-301F-11D3-BF4B-00C04F79EFBC}") = "Smartie.Application", "src\Smartie.Application\Smartie.Application.csproj", "{10644C48-4345-4E60-B4D7-8E5A79468B27}"
EndProject
Project("{FAE04EC0-301F-11D3-BF4B-00C04F79EFBC}") = "Smartie.Infrastructure", "src\Smartie.Infrastructure\Smartie.Infrastructure.csproj", "{DEDFC284-68F1-446F-BE6C-04A51A4743C5}"
EndProject
Project("{FAE04EC0-301F-11D3-BF4B-00C04F79EFBC}") = "Smartie.Tests", "tests\Smartie.Tests\Smartie.Tests.csproj", "{2B6CAD44-2A07-4445-AE2C-6BBC3BA7B1EC}"
EndProject
Project("{FAE04EC0-301F-11D3-BF4B-00C04F79EFBC}") = "Smartie.Contracts", "src\Smartie.Contracts\Smartie.Contracts.csproj", "{8C4F8C8C-08D1-4400-8BCB-DDF2FDC1D887}"
EndProject
Project("{FAE04EC0-301F-11D3-BF4B-00C04F79EFBC}") = "Smartie.Api", "src\Smartie.Api\Smartie.Api.csproj", "{8BFD5E30-DD80-4B4E-984A-C716EACFC3EE}"
EndProject
Project("{FAE04EC0-301F-11D3-BF4B-00C04F79EFBC}") = "Smartie.Shared", "src\Smartie.Shared\Smartie.Shared.csproj", "{93785FDE-C7DD-4F9F-8971-E6A9CA69EB10}"
EndProject
Project("{FAE04EC0-301F-11D3-BF4B-00C04F79EFBC}") = "Smartie.Web", "src\Smartie.Web\Smartie.Web.csproj", "{92645DB7-0D83-4D4F-9ABC-0867CCDE2AC1}"
EndProject
Project("{FAE04EC0-301F-11D3-BF4B-00C04F79EFBC}") = "Smartie.Maui", "src\Smartie.Maui\Smartie.Maui.csproj", "{7D01ADEF-7CB7-4066-828B-A90C40C291E0}"
EndProject
Global
	GlobalSection(SolutionConfigurationPlatforms) = preSolution
		Debug|Any CPU = Debug|Any CPU
		Debug|x64 = Debug|x64
		Debug|x86 = Debug|x86
		Release|Any CPU = Release|Any CPU
		Release|x64 = Release|x64
		Release|x86 = Release|x86
	EndGlobalSection
	GlobalSection(ProjectConfigurationPlatforms) = postSolution
		{22C49B43-DE6F-46BA-9963-2EB7F344ADC4}.Debug|Any CPU.ActiveCfg = Debug|Any CPU
		{22C49B43-DE6F-46BA-9963-2EB7F344ADC4}.Debug|Any CPU.Build.0 = Debug|Any CPU
		{22C49B43-DE6F-46BA-9963-2EB7F344ADC4}.Debug|x64.ActiveCfg = Debug|Any CPU
		{22C49B43-DE6F-46BA-9963-2EB7F344ADC4}.Debug|x64.Build.0 = Debug|Any CPU
		{22C49B43-DE6F-46BA-9963-2EB7F344ADC4}.Debug|x86.ActiveCfg = Debug|Any CPU
		{22C49B43-DE6F-46BA-9963-2EB7F344ADC4}.Debug|x86.Build.0 = Debug|Any CPU
		{22C49B43-DE6F-46BA-9963-2EB7F344ADC4}.Release|Any CPU.ActiveCfg = Release|Any CPU
		{22C49B43-DE6F-46BA-9963-2EB7F344ADC4}.Release|Any CPU.Build.0 = Release|Any CPU
		{22C49B43-DE6F-46BA-9963-2EB7F344ADC4}.Release|x64.ActiveCfg = Release|Any CPU
		{22C49B43-DE6F-46BA-9963-2EB7F344ADC4}.Release|x64.Build.0 = Release|Any CPU
		{22C49B43-DE6F-46BA-9963-2EB7F344ADC4}.Release|x86.ActiveCfg = Release|Any CPU
		{22C49B43-DE6F-46BA-9963-2EB7F344ADC4}.Release|x86.Build.0 = Release|Any CPU
		{10644C48-4345-4E60-B4D7-8E5A79468B27}.Debug|Any CPU.ActiveCfg = Debug|Any CPU
		{10644C48-4345-4E60-B4D7-8E5A79468B27}.Debug|Any CPU.Build.0 = Debug|Any CPU
		{10644C48-4345-4E60-B4D7-8E5A79468B27}.Debug|x64.ActiveCfg = Debug|Any CPU
		{10644C48-4345-4E60-B4D7-8E5A79468B27}.Debug|x64.Build.0 = Debug|Any CPU
		{10644C48-4345-4E60-B4D7-8E5A79468B27}.Debug|x86.ActiveCfg = Debug|Any CPU
		{10644C48-4345-4E60-B4D7-8E5A79468B27}.Debug|x86.Build.0 = Debug|Any CPU
		{10644C48-4345-4E60-B4D7-8E5A79468B27}.Release|Any CPU.ActiveCfg = Release|Any CPU
		{10644C48-4345-4E60-B4D7-8E5A79468B27}.Release|Any CPU.Build.0 = Release|Any CPU
		{10644C48-4345-4E60-B4D7-8E5A79468B27}.Release|x64.ActiveCfg = Release|Any CPU
		{10644C48-4345-4E60-B4D7-8E5A79468B27}.Release|x64.Build.0 = Release|Any CPU
		{10644C48-4345-4E60-B4D7-8E5A79468B27}.Release|x86.ActiveCfg = Release|Any CPU
		{10644C48-4345-4E60-B4D7-8E5A79468B27}.Release|x86.Build.0 = Release|Any CPU
		{DEDFC284-68F1-446F-BE6C-04A51A4743C5}.Debug|Any CPU.ActiveCfg = Debug|Any CPU
		{DEDFC284-68F1-446F-BE6C-04A51A4743C5}.Debug|Any CPU.Build.0 = Debug|Any CPU
		{DEDFC284-68F1-446F-BE6C-04A51A4743C5}.Debug|x64.ActiveCfg = Debug|Any CPU
		{DEDFC284-68F1-446F-BE6C-04A51A4743C5}.Debug|x64.Build.0 = Debug|Any CPU
		{DEDFC284-68F1-446F-BE6C-04A51A4743C5}.Debug|x86.ActiveCfg = Debug|Any CPU
		{DEDFC284-68F1-446F-BE6C-04A51A4743C5}.Debug|x86.Build.0 = Debug|Any CPU
		{DEDFC284-68F1-446F-BE6C-04A51A4743C5}.Release|Any CPU.ActiveCfg = Release|Any CPU
		{DEDFC284-68F1-446F-BE6C-04A51A4743C5}.Release|Any CPU.Build.0 = Release|Any CPU
		{DEDFC284-68F1-446F-BE6C-04A51A4743C5}.Release|x64.ActiveCfg = Release|Any CPU
		{DEDFC284-68F1-446F-BE6C-04A51A4743C5}.Release|x64.Build.0 = Release|Any CPU
		{DEDFC284-68F1-446F-BE6C-04A51A4743C5}.Release|x86.ActiveCfg = Release|Any CPU
		{DEDFC284-68F1-446F-BE6C-04A51A4743C5}.Release|x86.Build.0 = Release|Any CPU
		{2B6CAD44-2A07-4445-AE2C-6BBC3BA7B1EC}.Debug|Any CPU.ActiveCfg = Debug|Any CPU
		{2B6CAD44-2A07-4445-AE2C-6BBC3BA7B1EC}.Debug|Any CPU.Build.0 = Debug|Any CPU
		{2B6CAD44-2A07-4445-AE2C-6BBC3BA7B1EC}.Debug|x64.ActiveCfg = Debug|Any CPU
		{2B6CAD44-2A07-4445-AE2C-6BBC3BA7B1EC}.Debug|x64.Build.0 = Debug|Any CPU
		{2B6CAD44-2A07-4445-AE2C-6BBC3BA7B1EC}.Debug|x86.ActiveCfg = Debug|Any CPU
		{2B6CAD44-2A07-4445-AE2C-6BBC3BA7B1EC}.Debug|x86.Build.0 = Debug|Any CPU
		{2B6CAD44-2A07-4445-AE2C-6BBC3BA7B1EC}.Release|Any CPU.ActiveCfg = Release|Any CPU
		{2B6CAD44-2A07-4445-AE2C-6BBC3BA7B1EC}.Release|Any CPU.Build.0 = Release|Any CPU
		{2B6CAD44-2A07-4445-AE2C-6BBC3BA7B1EC}.Release|x64.ActiveCfg = Release|Any CPU
		{2B6CAD44-2A07-4445-AE2C-6BBC3BA7B1EC}.Release|x64.Build.0 = Release|Any CPU
		{2B6CAD44-2A07-4445-AE2C-6BBC3BA7B1EC}.Release|x86.ActiveCfg = Release|Any CPU
		{2B6CAD44-2A07-4445-AE2C-6BBC3BA7B1EC}.Release|x86.Build.0 = Release|Any CPU
		{8C4F8C8C-08D1-4400-8BCB-DDF2FDC1D887}.Debug|Any CPU.ActiveCfg = Debug|Any CPU
		{8C4F8C8C-08D1-4400-8BCB-DDF2FDC1D887}.Debug|Any CPU.Build.0 = Debug|Any CPU
		{8C4F8C8C-08D1-4400-8BCB-DDF2FDC1D887}.Debug|x64.ActiveCfg = Debug|Any CPU
		{8C4F8C8C-08D1-4400-8BCB-DDF2FDC1D887}.Debug|x64.Build.0 = Debug|Any CPU
		{8C4F8C8C-08D1-4400-8BCB-DDF2FDC1D887}.Debug|x86.ActiveCfg = Debug|Any CPU
		{8C4F8C8C-08D1-4400-8BCB-DDF2FDC1D887}.Debug|x86.Build.0 = Debug|Any CPU
		{8C4F8C8C-08D1-4400-8BCB-DDF2FDC1D887}.Release|Any CPU.ActiveCfg = Release|Any CPU
		{8C4F8C8C-08D1-4400-8BCB-DDF2FDC1D887}.Release|Any CPU.Build.0 = Release|Any CPU
		{8C4F8C8C-08D1-4400-8BCB-DDF2FDC1D887}.Release|x64.ActiveCfg = Release|Any CPU
		{8C4F8C8C-08D1-4400-8BCB-DDF2FDC1D887}.Release|x64.Build.0 = Release|Any CPU
		{8C4F8C8C-08D1-4400-8BCB-DDF2FDC1D887}.Release|x86.ActiveCfg = Release|Any CPU
		{8C4F8C8C-08D1-4400-8BCB-DDF2FDC1D887}.Release|x86.Build.0 = Release|Any CPU
		{8BFD5E30-DD80-4B4E-984A-C716EACFC3EE}.Debug|Any CPU.ActiveCfg = Debug|Any CPU
		{8BFD5E30-DD80-4B4E-984A-C716EACFC3EE}.Debug|Any CPU.Build.0 = Debug|Any CPU
		{8BFD5E30-DD80-4B4E-984A-C716EACFC3EE}.Debug|x64.ActiveCfg = Debug|Any CPU
		{8BFD5E30-DD80-4B4E-984A-C716EACFC3EE}.Debug|x64.Build.0 = Debug|Any CPU
		{8BFD5E30-DD80-4B4E-984A-C716EACFC3EE}.Debug|x86.ActiveCfg = Debug|Any CPU
		{8BFD5E30-DD80-4B4E-984A-C716EACFC3EE}.Debug|x86.Build.0 = Debug|Any CPU
		{8BFD5E30-DD80-4B4E-984A-C716EACFC3EE}.Release|Any CPU.ActiveCfg = Release|Any CPU
		{8BFD5E30-DD80-4B4E-984A-C716EACFC3EE}.Release|Any CPU.Build.0 = Release|Any CPU
		{8BFD5E30-DD80-4B4E-984A-C716EACFC3EE}.Release|x64.ActiveCfg = Release|Any CPU
		{8BFD5E30-DD80-4B4E-984A-C716EACFC3EE}.Release|x64.Build.0 = Release|Any CPU
		{8BFD5E30-DD80-4B4E-984A-C716EACFC3EE}.Release|x86.ActiveCfg = Release|Any CPU
		{8BFD5E30-DD80-4B4E-984A-C716EACFC3EE}.Release|x86.Build.0 = Release|Any CPU
		{93785FDE-C7DD-4F9F-8971-E6A9CA69EB10}.Debug|Any CPU.ActiveCfg = Debug|Any CPU
		{93785FDE-C7DD-4F9F-8971-E6A9CA69EB10}.Debug|Any CPU.Build.0 = Debug|Any CPU
		{93785FDE-C7DD-4F9F-8971-E6A9CA69EB10}.Debug|x64.ActiveCfg = Debug|Any CPU
		{93785FDE-C7DD-4F9F-8971-E6A9CA69EB10}.Debug|x64.Build.0 = Debug|Any CPU
		{93785FDE-C7DD-4F9F-8971-E6A9CA69EB10}.Debug|x86.ActiveCfg = Debug|Any CPU
		{93785FDE-C7DD-4F9F-8971-E6A9CA69EB10}.Debug|x86.Build.0 = Debug|Any CPU
		{93785FDE-C7DD-4F9F-8971-E6A9CA69EB10}.Release|Any CPU.ActiveCfg = Release|Any CPU
		{93785FDE-C7DD-4F9F-8971-E6A9CA69EB10}.Release|Any CPU.Build.0 = Release|Any CPU
		{93785FDE-C7DD-4F9F-8971-E6A9CA69EB10}.Release|x64.ActiveCfg = Release|Any CPU
		{93785FDE-C7DD-4F9F-8971-E6A9CA69EB10}.Release|x64.Build.0 = Release|Any CPU
		{93785FDE-C7DD-4F9F-8971-E6A9CA69EB10}.Release|x86.ActiveCfg = Release|Any CPU
		{93785FDE-C7DD-4F9F-8971-E6A9CA69EB10}.Release|x86.Build.0 = Release|Any CPU
		{92645DB7-0D83-4D4F-9ABC-0867CCDE2AC1}.Debug|Any CPU.ActiveCfg = Debug|Any CPU
		{92645DB7-0D83-4D4F-9ABC-0867CCDE2AC1}.Debug|Any CPU.Build.0 = Debug|Any CPU
		{92645DB7-0D83-4D4F-9ABC-0867CCDE2AC1}.Debug|x64.ActiveCfg = Debug|Any CPU
		{92645DB7-0D83-4D4F-9ABC-0867CCDE2AC1}.Debug|x64.Build.0 = Debug|Any CPU
		{92645DB7-0D83-4D4F-9ABC-0867CCDE2AC1}.Debug|x86.ActiveCfg = Debug|Any CPU
		{92645DB7-0D83-4D4F-9ABC-0867CCDE2AC1}.Debug|x86.Build.0 = Debug|Any CPU
		{92645DB7-0D83-4D4F-9ABC-0867CCDE2AC1}.Release|Any CPU.ActiveCfg = Release|Any CPU
		{92645DB7-0D83-4D4F-9ABC-0867CCDE2AC1}.Release|Any CPU.Build.0 = Release|Any CPU
		{92645DB7-0D83-4D4F-9ABC-0867CCDE2AC1}.Release|x64.ActiveCfg = Release|Any CPU
		{92645DB7-0D83-4D4F-9ABC-0867CCDE2AC1}.Release|x64.Build.0 = Release|Any CPU
		{92645DB7-0D83-4D4F-9ABC-0867CCDE2AC1}.Release|x86.ActiveCfg = Release|Any CPU
		{92645DB7-0D83-4D4F-9ABC-0867CCDE2AC1}.Release|x86.Build.0 = Release|Any CPU
		{7D01ADEF-7CB7-4066-828B-A90C40C291E0}.Debug|Any CPU.ActiveCfg = Debug|Any CPU
		{7D01ADEF-7CB7-4066-828B-A90C40C291E0}.Debug|Any CPU.Build.0 = Debug|Any CPU
		{7D01ADEF-7CB7-4066-828B-A90C40C291E0}.Debug|x64.ActiveCfg = Debug|Any CPU
		{7D01ADEF-7CB7-4066-828B-A90C40C291E0}.Debug|x64.Build.0 = Debug|Any CPU
		{7D01ADEF-7CB7-4066-828B-A90C40C291E0}.Debug|x86.ActiveCfg = Debug|Any CPU
		{7D01ADEF-7CB7-4066-828B-A90C40C291E0}.Debug|x86.Build.0 = Debug|Any CPU
		{7D01ADEF-7CB7-4066-828B-A90C40C291E0}.Release|Any CPU.ActiveCfg = Release|Any CPU
		{7D01ADEF-7CB7-4066-828B-A90C40C291E0}.Release|Any CPU.Build.0 = Release|Any CPU
		{7D01ADEF-7CB7-4066-828B-A90C40C291E0}.Release|x64.ActiveCfg = Release|Any CPU
		{7D01ADEF-7CB7-4066-828B-A90C40C291E0}.Release|x64.Build.0 = Release|Any CPU
		{7D01ADEF-7CB7-4066-828B-A90C40C291E0}.Release|x86.ActiveCfg = Release|Any CPU
		{7D01ADEF-7CB7-4066-828B-A90C40C291E0}.Release|x86.Build.0 = Release|Any CPU
	EndGlobalSection
	GlobalSection(SolutionProperties) = preSolution
		HideSolutionNode = FALSE
	EndGlobalSection
	GlobalSection(NestedProjects) = preSolution
		{22C49B43-DE6F-46BA-9963-2EB7F344ADC4} = {827E0CD3-B72D-47B6-A68D-7590B98EB39B}
		{10644C48-4345-4E60-B4D7-8E5A79468B27} = {827E0CD3-B72D-47B6-A68D-7590B98EB39B}
		{DEDFC284-68F1-446F-BE6C-04A51A4743C5} = {827E0CD3-B72D-47B6-A68D-7590B98EB39B}
		{2B6CAD44-2A07-4445-AE2C-6BBC3BA7B1EC} = {827E0CD3-B72D-47B6-A68D-7590B98EB39B}
		{8C4F8C8C-08D1-4400-8BCB-DDF2FDC1D887} = {827E0CD3-B72D-47B6-A68D-7590B98EB39B}
		{8BFD5E30-DD80-4B4E-984A-C716EACFC3EE} = {827E0CD3-B72D-47B6-A68D-7590B98EB39B}
		{93785FDE-C7DD-4F9F-8971-E6A9CA69EB10} = {827E0CD3-B72D-47B6-A68D-7590B98EB39B}
		{92645DB7-0D83-4D4F-9ABC-0867CCDE2AC1} = {827E0CD3-B72D-47B6-A68D-7590B98EB39B}
		{7D01ADEF-7CB7-4066-828B-A90C40C291E0} = {827E0CD3-B72D-47B6-A68D-7590B98EB39B}
	EndGlobalSection
	GlobalSection(ExtensibilityGlobals) = postSolution
		SolutionGuid = {15D4C871-76E3-4984-BD8B-49CA251B4D76}
	EndGlobalSection
EndGlobal
